// !$*UTF8*$!
{
	archiveVersion = 1;
	classes = {
	};
	objectVersion = 50;
	objects = {

/* Begin PBXBuildFile section */
		974620E023D01D7400E8268F /* AppDelegate.swift in Sources */ = {isa = PBXBuildFile; fileRef = 974620DF23D01D7400E8268F /* AppDelegate.swift */; };
		974620E223D01D7400E8268F /* SceneDelegate.swift in Sources */ = {isa = PBXBuildFile; fileRef = 974620E123D01D7400E8268F /* SceneDelegate.swift */; };
		974620E423D01D7400E8268F /* ViewController.swift in Sources */ = {isa = PBXBuildFile; fileRef = 974620E323D01D7400E8268F /* ViewController.swift */; };
		974620E723D01D7400E8268F /* Main.storyboard in Resources */ = {isa = PBXBuildFile; fileRef = 974620E523D01D7400E8268F /* Main.storyboard */; };
		974620E923D01D7500E8268F /* Assets.xcassets in Resources */ = {isa = PBXBuildFile; fileRef = 974620E823D01D7500E8268F /* Assets.xcassets */; };
		974620EC23D01D7500E8268F /* LaunchScreen.storyboard in Resources */ = {isa = PBXBuildFile; fileRef = 974620EA23D01D7500E8268F /* LaunchScreen.storyboard */; };
		974620F723D01D7500E8268F /* ExampleTests.swift in Sources */ = {isa = PBXBuildFile; fileRef = 974620F623D01D7500E8268F /* ExampleTests.swift */; };
		9746211D23D01DD200E8268F /* SwiftyWrappers.framework in Frameworks */ = {isa = PBXBuildFile; fileRef = 9746211C23D01DD200E8268F /* SwiftyWrappers.framework */; };
		9746211E23D01DD200E8268F /* SwiftyWrappers.framework in Embed Frameworks */ = {isa = PBXBuildFile; fileRef = 9746211C23D01DD200E8268F /* SwiftyWrappers.framework */; settings = {ATTRIBUTES = (CodeSignOnCopy, RemoveHeadersOnCopy, ); }; };
/* End PBXBuildFile section */

/* Begin PBXContainerItemProxy section */
		974620F323D01D7500E8268F /* PBXContainerItemProxy */ = {
			isa = PBXContainerItemProxy;
			containerPortal = 974620D423D01D7400E8268F /* Project object */;
			proxyType = 1;
			remoteGlobalIDString = 974620DB23D01D7400E8268F;
			remoteInfo = Example;
		};
/* End PBXContainerItemProxy section */

/* Begin PBXCopyFilesBuildPhase section */
		9746211F23D01DD200E8268F /* Embed Frameworks */ = {
			isa = PBXCopyFilesBuildPhase;
			buildActionMask = 2147483647;
			dstPath = "";
			dstSubfolderSpec = 10;
			files = (
				9746211E23D01DD200E8268F /* SwiftyWrappers.framework in Embed Frameworks */,
			);
			name = "Embed Frameworks";
			runOnlyForDeploymentPostprocessing = 0;
		};
/* End PBXCopyFilesBuildPhase section */

/* Begin PBXFileReference section */
		974620DC23D01D7400E8268F /* Example.app */ = {isa = PBXFileReference; explicitFileType = wrapper.application; includeInIndex = 0; path = Example.app; sourceTree = BUILT_PRODUCTS_DIR; };
		974620DF23D01D7400E8268F /* AppDelegate.swift */ = {isa = PBXFileReference; lastKnownFileType = sourcecode.swift; path = AppDelegate.swift; sourceTree = "<group>"; };
		974620E123D01D7400E8268F /* SceneDelegate.swift */ = {isa = PBXFileReference; lastKnownFileType = sourcecode.swift; path = SceneDelegate.swift; sourceTree = "<group>"; };
		974620E323D01D7400E8268F /* ViewController.swift */ = {isa = PBXFileReference; lastKnownFileType = sourcecode.swift; path = ViewController.swift; sourceTree = "<group>"; };
		974620E623D01D7400E8268F /* Base */ = {isa = PBXFileReference; lastKnownFileType = file.storyboard; name = Base; path = Base.lproj/Main.storyboard; sourceTree = "<group>"; };
		974620E823D01D7500E8268F /* Assets.xcassets */ = {isa = PBXFileReference; lastKnownFileType = folder.assetcatalog; path = Assets.xcassets; sourceTree = "<group>"; };
		974620EB23D01D7500E8268F /* Base */ = {isa = PBXFileReference; lastKnownFileType = file.storyboard; name = Base; path = Base.lproj/LaunchScreen.storyboard; sourceTree = "<group>"; };
		974620ED23D01D7500E8268F /* Info.plist */ = {isa = PBXFileReference; lastKnownFileType = text.plist.xml; path = Info.plist; sourceTree = "<group>"; };
		974620F223D01D7500E8268F /* ExampleTests.xctest */ = {isa = PBXFileReference; explicitFileType = wrapper.cfbundle; includeInIndex = 0; path = ExampleTests.xctest; sourceTree = BUILT_PRODUCTS_DIR; };
		974620F623D01D7500E8268F /* ExampleTests.swift */ = {isa = PBXFileReference; lastKnownFileType = sourcecode.swift; path = ExampleTests.swift; sourceTree = "<group>"; };
		974620F823D01D7500E8268F /* Info.plist */ = {isa = PBXFileReference; lastKnownFileType = text.plist.xml; path = Info.plist; sourceTree = "<group>"; };
		9746210123D01D7500E8268F /* ExampleUITests.swift */ = {isa = PBXFileReference; lastKnownFileType = sourcecode.swift; path = ExampleUITests.swift; sourceTree = "<group>"; };
		9746210323D01D7500E8268F /* Info.plist */ = {isa = PBXFileReference; lastKnownFileType = text.plist.xml; path = Info.plist; sourceTree = "<group>"; };
		9746211C23D01DD200E8268F /* SwiftyWrappers.framework */ = {isa = PBXFileReference; explicitFileType = wrapper.framework; path = SwiftyWrappers.framework; sourceTree = BUILT_PRODUCTS_DIR; };
/* End PBXFileReference section */

/* Begin PBXFrameworksBuildPhase section */
		974620D923D01D7400E8268F /* Frameworks */ = {
			isa = PBXFrameworksBuildPhase;
			buildActionMask = 2147483647;
			files = (
				9746211D23D01DD200E8268F /* SwiftyWrappers.framework in Frameworks */,
			);
			runOnlyForDeploymentPostprocessing = 0;
		};
		974620EF23D01D7500E8268F /* Frameworks */ = {
			isa = PBXFrameworksBuildPhase;
			buildActionMask = 2147483647;
			files = (
			);
			runOnlyForDeploymentPostprocessing = 0;
		};
/* End PBXFrameworksBuildPhase section */

/* Begin PBXGroup section */
		974620D323D01D7400E8268F = {
			isa = PBXGroup;
			children = (
				974620DE23D01D7400E8268F /* Example */,
				974620F523D01D7500E8268F /* ExampleTests */,
				9746210023D01D7500E8268F /* ExampleUITests */,
				974620DD23D01D7400E8268F /* Products */,
				9746211B23D01DD200E8268F /* Frameworks */,
			);
			sourceTree = "<group>";
		};
		974620DD23D01D7400E8268F /* Products */ = {
			isa = PBXGroup;
			children = (
				974620DC23D01D7400E8268F /* Example.app */,
				974620F223D01D7500E8268F /* ExampleTests.xctest */,
			);
			name = Products;
			sourceTree = "<group>";
		};
		974620DE23D01D7400E8268F /* Example */ = {
			isa = PBXGroup;
			children = (
				974620DF23D01D7400E8268F /* AppDelegate.swift */,
				974620E123D01D7400E8268F /* SceneDelegate.swift */,
				974620E323D01D7400E8268F /* ViewController.swift */,
				974620E523D01D7400E8268F /* Main.storyboard */,
				974620E823D01D7500E8268F /* Assets.xcassets */,
				974620EA23D01D7500E8268F /* LaunchScreen.storyboard */,
				974620ED23D01D7500E8268F /* Info.plist */,
			);
			path = Example;
			sourceTree = "<group>";
		};
		974620F523D01D7500E8268F /* ExampleTests */ = {
			isa = PBXGroup;
			children = (
				974620F623D01D7500E8268F /* ExampleTests.swift */,
				974620F823D01D7500E8268F /* Info.plist */,
			);
			path = ExampleTests;
			sourceTree = "<group>";
		};
		9746210023D01D7500E8268F /* ExampleUITests */ = {
			isa = PBXGroup;
			children = (
				9746210123D01D7500E8268F /* ExampleUITests.swift */,
				9746210323D01D7500E8268F /* Info.plist */,
			);
			path = ExampleUITests;
			sourceTree = "<group>";
		};
		9746211B23D01DD200E8268F /* Frameworks */ = {
			isa = PBXGroup;
			children = (
				9746211C23D01DD200E8268F /* SwiftyWrappers.framework */,
			);
			name = Frameworks;
			sourceTree = "<group>";
		};
/* End PBXGroup section */

/* Begin PBXNativeTarget section */
		974620DB23D01D7400E8268F /* Example */ = {
			isa = PBXNativeTarget;
			buildConfigurationList = 9746210623D01D7500E8268F /* Build configuration list for PBXNativeTarget "Example" */;
			buildPhases = (
				974620D823D01D7400E8268F /* Sources */,
				974620D923D01D7400E8268F /* Frameworks */,
				974620DA23D01D7400E8268F /* Resources */,
				9746211F23D01DD200E8268F /* Embed Frameworks */,
			);
			buildRules = (
			);
			dependencies = (
			);
			name = Example;
			productName = Example;
			productReference = 974620DC23D01D7400E8268F /* Example.app */;
			productType = "com.apple.product-type.application";
		};
		974620F123D01D7500E8268F /* ExampleTests */ = {
			isa = PBXNativeTarget;
			buildConfigurationList = 9746210923D01D7500E8268F /* Build configuration list for PBXNativeTarget "ExampleTests" */;
			buildPhases = (
				974620EE23D01D7500E8268F /* Sources */,
				974620EF23D01D7500E8268F /* Frameworks */,
				974620F023D01D7500E8268F /* Resources */,
			);
			buildRules = (
			);
			dependencies = (
				974620F423D01D7500E8268F /* PBXTargetDependency */,
			);
			name = ExampleTests;
			productName = ExampleTests;
			productReference = 974620F223D01D7500E8268F /* ExampleTests.xctest */;
			productType = "com.apple.product-type.bundle.unit-test";
		};
/* End PBXNativeTarget section */

/* Begin PBXProject section */
		974620D423D01D7400E8268F /* Project object */ = {
			isa = PBXProject;
			attributes = {
				LastSwiftUpdateCheck = 1130;
				LastUpgradeCheck = 1130;
				ORGANIZATIONNAME = "TAI VUONG";
				TargetAttributes = {
					974620DB23D01D7400E8268F = {
						CreatedOnToolsVersion = 11.3.1;
					};
					974620F123D01D7500E8268F = {
						CreatedOnToolsVersion = 11.3.1;
						TestTargetID = 974620DB23D01D7400E8268F;
					};
				};
			};
			buildConfigurationList = 974620D723D01D7400E8268F /* Build configuration list for PBXProject "Example" */;
			compatibilityVersion = "Xcode 9.3";
			developmentRegion = en;
			hasScannedForEncodings = 0;
			knownRegions = (
				en,
				Base,
			);
			mainGroup = 974620D323D01D7400E8268F;
			productRefGroup = 974620DD23D01D7400E8268F /* Products */;
			projectDirPath = "";
			projectRoot = "";
			targets = (
				974620DB23D01D7400E8268F /* Example */,
				974620F123D01D7500E8268F /* ExampleTests */,
			);
		};
/* End PBXProject section */

/* Begin PBXResourcesBuildPhase section */
		974620DA23D01D7400E8268F /* Resources */ = {
			isa = PBXResourcesBuildPhase;
			buildActionMask = 2147483647;
			files = (
				974620EC23D01D7500E8268F /* LaunchScreen.storyboard in Resources */,
				974620E923D01D7500E8268F /* Assets.xcassets in Resources */,
				974620E723D01D7400E8268F /* Main.storyboard in Resources */,
			);
			runOnlyForDeploymentPostprocessing = 0;
		};
		974620F023D01D7500E8268F /* Resources */ = {
			isa = PBXResourcesBuildPhase;
			buildActionMask = 2147483647;
			files = (
			);
			runOnlyForDeploymentPostprocessing = 0;
		};
/* End PBXResourcesBuildPhase section */

/* Begin PBXSourcesBuildPhase section */
		974620D823D01D7400E8268F /* Sources */ = {
			isa = PBXSourcesBuildPhase;
			buildActionMask = 2147483647;
			files = (
				974620E423D01D7400E8268F /* ViewController.swift in Sources */,
				974620E023D01D7400E8268F /* AppDelegate.swift in Sources */,
				974620E223D01D7400E8268F /* SceneDelegate.swift in Sources */,
			);
			runOnlyForDeploymentPostprocessing = 0;
		};
		974620EE23D01D7500E8268F /* Sources */ = {
			isa = PBXSourcesBuildPhase;
			buildActionMask = 2147483647;
			files = (
				974620F723D01D7500E8268F /* ExampleTests.swift in Sources */,
			);
			runOnlyForDeploymentPostprocessing = 0;
		};
/* End PBXSourcesBuildPhase section */

/* Begin PBXTargetDependency section */
		974620F423D01D7500E8268F /* PBXTargetDependency */ = {
			isa = PBXTargetDependency;
			target = 974620DB23D01D7400E8268F /* Example */;
			targetProxy = 974620F323D01D7500E8268F /* PBXContainerItemProxy */;
		};
/* End PBXTargetDependency section */

/* Begin PBXVariantGroup section */
		974620E523D01D7400E8268F /* Main.storyboard */ = {
			isa = PBXVariantGroup;
			children = (
				974620E623D01D7400E8268F /* Base */,
			);
			name = Main.storyboard;
			sourceTree = "<group>";
		};
		974620EA23D01D7500E8268F /* LaunchScreen.storyboard */ = {
			isa = PBXVariantGroup;
			children = (
				974620EB23D01D7500E8268F /* Base */,
			);
			name = LaunchScreen.storyboard;
			sourceTree = "<group>";
		};
/* End PBXVariantGroup section */

/* Begin XCBuildConfiguration section */
		9746210423D01D7500E8268F /* Debug */ = {
			isa = XCBuildConfiguration;
			buildSettings = {
				ALWAYS_SEARCH_USER_PATHS = NO;
				CLANG_ANALYZER_NONNULL = YES;
				CLANG_ANALYZER_NUMBER_OBJECT_CONVERSION = YES_AGGRESSIVE;
				CLANG_CXX_LANGUAGE_STANDARD = "gnu++14";
				CLANG_CXX_LIBRARY = "libc++";
				CLANG_ENABLE_MODULES = YES;
				CLANG_ENABLE_OBJC_ARC = YES;
				CLANG_ENABLE_OBJC_WEAK = YES;
				CLANG_WARN_BLOCK_CAPTURE_AUTORELEASING = YES;
				CLANG_WARN_BOOL_CONVERSION = YES;
				CLANG_WARN_COMMA = YES;
				CLANG_WARN_CONSTANT_CONVERSION = YES;
				CLANG_WARN_DEPRECATED_OBJC_IMPLEMENTATIONS = YES;
				CLANG_WARN_DIRECT_OBJC_ISA_USAGE = YES_ERROR;
				CLANG_WARN_DOCUMENTATION_COMMENTS = YES;
				CLANG_WARN_EMPTY_BODY = YES;
				CLANG_WARN_ENUM_CONVERSION = YES;
				CLANG_WARN_INFINITE_RECURSION = YES;
				CLANG_WARN_INT_CONVERSION = YES;
				CLANG_WARN_NON_LITERAL_NULL_CONVERSION = YES;
				CLANG_WARN_OBJC_IMPLICIT_RETAIN_SELF = YES;
				CLANG_WARN_OBJC_LITERAL_CONVERSION = YES;
				CLANG_WARN_OBJC_ROOT_CLASS = YES_ERROR;
				CLANG_WARN_RANGE_LOOP_ANALYSIS = YES;
				CLANG_WARN_STRICT_PROTOTYPES = YES;
				CLANG_WARN_SUSPICIOUS_MOVE = YES;
				CLANG_WARN_UNGUARDED_AVAILABILITY = YES_AGGRESSIVE;
				CLANG_WARN_UNREACHABLE_CODE = YES;
				CLANG_WARN__DUPLICATE_METHOD_MATCH = YES;
				COPY_PHASE_STRIP = NO;
				DEBUG_INFORMATION_FORMAT = dwarf;
				ENABLE_STRICT_OBJC_MSGSEND = YES;
				ENABLE_TESTABILITY = YES;
				GCC_C_LANGUAGE_STANDARD = gnu11;
				GCC_DYNAMIC_NO_PIC = NO;
				GCC_NO_COMMON_BLOCKS = YES;
				GCC_OPTIMIZATION_LEVEL = 0;
				GCC_PREPROCESSOR_DEFINITIONS = (
					"DEBUG=1",
					"$(inherited)",
				);
				GCC_WARN_64_TO_32_BIT_CONVERSION = YES;
				GCC_WARN_ABOUT_RETURN_TYPE = YES_ERROR;
				GCC_WARN_UNDECLARED_SELECTOR = YES;
				GCC_WARN_UNINITIALIZED_AUTOS = YES_AGGRESSIVE;
				GCC_WARN_UNUSED_FUNCTION = YES;
				GCC_WARN_UNUSED_VARIABLE = YES;
				IPHONEOS_DEPLOYMENT_TARGET = 13.2;
				MTL_ENABLE_DEBUG_INFO = INCLUDE_SOURCE;
				MTL_FAST_MATH = YES;
				ONLY_ACTIVE_ARCH = YES;
				SDKROOT = iphoneos;
				SWIFT_ACTIVE_COMPILATION_CONDITIONS = DEBUG;
				SWIFT_OPTIMIZATION_LEVEL = "-Onone";
			};
			name = Debug;
		};
		9746210523D01D7500E8268F /* Release */ = {
			isa = XCBuildConfiguration;
			buildSettings = {
				ALWAYS_SEARCH_USER_PATHS = NO;
				CLANG_ANALYZER_NONNULL = YES;
				CLANG_ANALYZER_NUMBER_OBJECT_CONVERSION = YES_AGGRESSIVE;
				CLANG_CXX_LANGUAGE_STANDARD = "gnu++14";
				CLANG_CXX_LIBRARY = "libc++";
				CLANG_ENABLE_MODULES = YES;
				CLANG_ENABLE_OBJC_ARC = YES;
				CLANG_ENABLE_OBJC_WEAK = YES;
				CLANG_WARN_BLOCK_CAPTURE_AUTORELEASING = YES;
				CLANG_WARN_BOOL_CONVERSION = YES;
				CLANG_WARN_COMMA = YES;
				CLANG_WARN_CONSTANT_CONVERSION = YES;
				CLANG_WARN_DEPRECATED_OBJC_IMPLEMENTATIONS = YES;
				CLANG_WARN_DIRECT_OBJC_ISA_USAGE = YES_ERROR;
				CLANG_WARN_DOCUMENTATION_COMMENTS = YES;
				CLANG_WARN_EMPTY_BODY = YES;
				CLANG_WARN_ENUM_CONVERSION = YES;
				CLANG_WARN_INFINITE_RECURSION = YES;
				CLANG_WARN_INT_CONVERSION = YES;
				CLANG_WARN_NON_LITERAL_NULL_CONVERSION = YES;
				CLANG_WARN_OBJC_IMPLICIT_RETAIN_SELF = YES;
				CLANG_WARN_OBJC_LITERAL_CONVERSION = YES;
				CLANG_WARN_OBJC_ROOT_CLASS = YES_ERROR;
				CLANG_WARN_RANGE_LOOP_ANALYSIS = YES;
				CLANG_WARN_STRICT_PROTOTYPES = YES;
				CLANG_WARN_SUSPICIOUS_MOVE = YES;
				CLANG_WARN_UNGUARDED_AVAILABILITY = YES_AGGRESSIVE;
				CLANG_WARN_UNREACHABLE_CODE = YES;
				CLANG_WARN__DUPLICATE_METHOD_MATCH = YES;
				COPY_PHASE_STRIP = NO;
				DEBUG_INFORMATION_FORMAT = "dwarf-with-dsym";
				ENABLE_NS_ASSERTIONS = NO;
				ENABLE_STRICT_OBJC_MSGSEND = YES;
				GCC_C_LANGUAGE_STANDARD = gnu11;
				GCC_NO_COMMON_BLOCKS = YES;
				GCC_WARN_64_TO_32_BIT_CONVERSION = YES;
				GCC_WARN_ABOUT_RETURN_TYPE = YES_ERROR;
				GCC_WARN_UNDECLARED_SELECTOR = YES;
				GCC_WARN_UNINITIALIZED_AUTOS = YES_AGGRESSIVE;
				GCC_WARN_UNUSED_FUNCTION = YES;
				GCC_WARN_UNUSED_VARIABLE = YES;
				IPHONEOS_DEPLOYMENT_TARGET = 13.2;
				MTL_ENABLE_DEBUG_INFO = NO;
				MTL_FAST_MATH = YES;
				SDKROOT = iphoneos;
				SWIFT_COMPILATION_MODE = wholemodule;
				SWIFT_OPTIMIZATION_LEVEL = "-O";
				VALIDATE_PRODUCT = YES;
			};
			name = Release;
		};
		9746210723D01D7500E8268F /* Debug */ = {
			isa = XCBuildConfiguration;
			buildSettings = {
				ASSETCATALOG_COMPILER_APPICON_NAME = AppIcon;
				CODE_SIGN_STYLE = Automatic;
				DEVELOPMENT_TEAM = LS8QRLJL3W;
				INFOPLIST_FILE = Example/Info.plist;
				LD_RUNPATH_SEARCH_PATHS = (
					"$(inherited)",
					"@executable_path/Frameworks",
				);
				PRODUCT_BUNDLE_IDENTIFIER = "TAI-VUONG.Example";
				PRODUCT_NAME = "$(TARGET_NAME)";
				SWIFT_VERSION = 5.0;
				TARGETED_DEVICE_FAMILY = "1,2";
			};
			name = Debug;
		};
		9746210823D01D7500E8268F /* Release */ = {
			isa = XCBuildConfiguration;
			buildSettings = {
				ASSETCATALOG_COMPILER_APPICON_NAME = AppIcon;
				CODE_SIGN_STYLE = Automatic;
				DEVELOPMENT_TEAM = LS8QRLJL3W;
				INFOPLIST_FILE = Example/Info.plist;
				LD_RUNPATH_SEARCH_PATHS = (
					"$(inherited)",
					"@executable_path/Frameworks",
				);
				PRODUCT_BUNDLE_IDENTIFIER = "TAI-VUONG.Example";
				PRODUCT_NAME = "$(TARGET_NAME)";
				SWIFT_VERSION = 5.0;
				TARGETED_DEVICE_FAMILY = "1,2";
			};
			name = Release;
		};
		9746210A23D01D7500E8268F /* Debug */ = {
			isa = XCBuildConfiguration;
			buildSettings = {
				ALWAYS_EMBED_SWIFT_STANDARD_LIBRARIES = YES;
				BUNDLE_LOADER = "$(TEST_HOST)";
				CODE_SIGN_STYLE = Automatic;
				DEVELOPMENT_TEAM = LS8QRLJL3W;
				INFOPLIST_FILE = ExampleTests/Info.plist;
				IPHONEOS_DEPLOYMENT_TARGET = 13.2;
				LD_RUNPATH_SEARCH_PATHS = (
					"$(inherited)",
					"@executable_path/Frameworks",
					"@loader_path/Frameworks",
				);
				PRODUCT_BUNDLE_IDENTIFIER = "TAI-VUONG.ExampleTests";
				PRODUCT_NAME = "$(TARGET_NAME)";
				SWIFT_VERSION = 5.0;
				TARGETED_DEVICE_FAMILY = "1,2";
				TEST_HOST = "$(BUILT_PRODUCTS_DIR)/Example.app/Example";
			};
			name = Debug;
		};
		9746210B23D01D7500E8268F /* Release */ = {
			isa = XCBuildConfiguration;
			buildSettings = {
				ALWAYS_EMBED_SWIFT_STANDARD_LIBRARIES = YES;
				BUNDLE_LOADER = "$(TEST_HOST)";
				CODE_SIGN_STYLE = Automatic;
				DEVELOPMENT_TEAM = LS8QRLJL3W;
				INFOPLIST_FILE = ExampleTests/Info.plist;
				IPHONEOS_DEPLOYMENT_TARGET = 13.2;
				LD_RUNPATH_SEARCH_PATHS = (
					"$(inherited)",
					"@executable_path/Frameworks",
					"@loader_path/Frameworks",
				);
				PRODUCT_BUNDLE_IDENTIFIER = "TAI-VUONG.ExampleTests";
				PRODUCT_NAME = "$(TARGET_NAME)";
				SWIFT_VERSION = 5.0;
				TARGETED_DEVICE_FAMILY = "1,2";
				TEST_HOST = "$(BUILT_PRODUCTS_DIR)/Example.app/Example";
			};
			name = Release;
		};
/* End XCBuildConfiguration section */

/* Begin XCConfigurationList section */
		974620D723D01D7400E8268F /* Build configuration list for PBXProject "Example" */ = {
			isa = XCConfigurationList;
			buildConfigurations = (
				9746210423D01D7500E8268F /* Debug */,
				9746210523D01D7500E8268F /* Release */,
			);
			defaultConfigurationIsVisible = 0;
			defaultConfigurationName = Release;
		};
		9746210623D01D7500E8268F /* Build configuration list for PBXNativeTarget "Example" */ = {
			isa = XCConfigurationList;
			buildConfigurations = (
				9746210723D01D7500E8268F /* Debug */,
				9746210823D01D7500E8268F /* Release */,
			);
			defaultConfigurationIsVisible = 0;
			defaultConfigurationName = Release;
		};
		9746210923D01D7500E8268F /* Build configuration list for PBXNativeTarget "ExampleTests" */ = {
			isa = XCConfigurationList;
			buildConfigurations = (
				9746210A23D01D7500E8268F /* Debug */,
				9746210B23D01D7500E8268F /* Release */,
			);
			defaultConfigurationIsVisible = 0;
			defaultConfigurationName = Release;
		};
/* End XCConfigurationList section */
	};
	rootObject = 974620D423D01D7400E8268F /* Project object */;
}
